
Microsoft Visual Studio Solution File, Format Version 12.00
# Visual Studio 2013
VisualStudioVersion = 12.0.31101.0
MinimumVisualStudioVersion = 10.0.40219.1
Project("{FAE04EC0-301F-11D3-BF4B-00C04F79EFBC}") = "Kalkulacka", "Kalkulacka\Kalkulacka.csproj", "{6F5A4350-4E05-4E4F-A944-9AB95DA41BB3}"
EndProject
Project("{FAE04EC0-301F-11D3-BF4B-00C04F79EFBC}") = "WebCalculatorPoved", "WebCalculatorPoved\WebCalculatorPoved.csproj", "{3ECB97D4-1DDF-4D98-B94A-4301B03CB30E}"
EndProject
Project("{FAE04EC0-301F-11D3-BF4B-00C04F79EFBC}") = "WebPovedCalculator", "WebPovedCalculator\WebPovedCalculator.csproj", "{B8EE4AB6-ACA1-4C8B-8CBC-D8A3774712E2}"
EndProject
Global
	GlobalSection(SolutionConfigurationPlatforms) = preSolution
		Debug|Any CPU = Debug|Any CPU
		Release|Any CPU = Release|Any CPU
	EndGlobalSection
	GlobalSection(ProjectConfigurationPlatforms) = postSolution
		{6F5A4350-4E05-4E4F-A944-9AB95DA41BB3}.Debug|Any CPU.ActiveCfg = Debug|Any CPU
		{6F5A4350-4E05-4E4F-A944-9AB95DA41BB3}.Debug|Any CPU.Build.0 = Debug|Any CPU
		{6F5A4350-4E05-4E4F-A944-9AB95DA41BB3}.Release|Any CPU.ActiveCfg = Release|Any CPU
		{6F5A4350-4E05-4E4F-A944-9AB95DA41BB3}.Release|Any CPU.Build.0 = Release|Any CPU
		{3ECB97D4-1DDF-4D98-B94A-4301B03CB30E}.Debug|Any CPU.ActiveCfg = Debug|Any CPU
		{3ECB97D4-1DDF-4D98-B94A-4301B03CB30E}.Debug|Any CPU.Build.0 = Debug|Any CPU
		{3ECB97D4-1DDF-4D98-B94A-4301B03CB30E}.Release|Any CPU.ActiveCfg = Release|Any CPU
		{3ECB97D4-1DDF-4D98-B94A-4301B03CB30E}.Release|Any CPU.Build.0 = Release|Any CPU
		{B8EE4AB6-ACA1-4C8B-8CBC-D8A3774712E2}.Debug|Any CPU.ActiveCfg = Debug|Any CPU
		{B8EE4AB6-ACA1-4C8B-8CBC-D8A3774712E2}.Debug|Any CPU.Build.0 = Debug|Any CPU
		{B8EE4AB6-ACA1-4C8B-8CBC-D8A3774712E2}.Release|Any CPU.ActiveCfg = Release|Any CPU
		{B8EE4AB6-ACA1-4C8B-8CBC-D8A3774712E2}.Release|Any CPU.Build.0 = Release|Any CPU
	EndGlobalSection
	GlobalSection(SolutionProperties) = preSolution
		HideSolutionNode = FALSE
	EndGlobalSection
EndGlobal
